
Microsoft Visual Studio Solution File, Format Version 12.00
# Visual Studio 15
VisualStudioVersion = 15.0.27130.2027
MinimumVisualStudioVersion = 10.0.40219.1
Project("{FAE04EC0-301F-11D3-BF4B-00C04F79EFBC}") = "GeoFencing", "GeoFencing\GeoFencing.csproj", "{667D312B-A1FF-4E12-AF5A-B7A6A646259D}"
EndProject
Global
	GlobalSection(SolutionConfigurationPlatforms) = preSolution
		Debug|Any CPU = Debug|Any CPU
		Release|Any CPU = Release|Any CPU
	EndGlobalSection
	GlobalSection(ProjectConfigurationPlatforms) = postSolution
		{667D312B-A1FF-4E12-AF5A-B7A6A646259D}.Debug|Any CPU.ActiveCfg = Debug|Any CPU
		{667D312B-A1FF-4E12-AF5A-B7A6A646259D}.Debug|Any CPU.Build.0 = Debug|Any CPU
		{667D312B-A1FF-4E12-AF5A-B7A6A646259D}.Release|Any CPU.ActiveCfg = Release|Any CPU
		{667D312B-A1FF-4E12-AF5A-B7A6A646259D}.Release|Any CPU.Build.0 = Release|Any CPU
	EndGlobalSection
	GlobalSection(SolutionProperties) = preSolution
		HideSolutionNode = FALSE
	EndGlobalSection
	GlobalSection(ExtensibilityGlobals) = postSolution
		SolutionGuid = {E1EA18A1-6A75-4982-A00F-B5CF4E9CDFA4}
	EndGlobalSection
EndGlobal
